NeoBundleLock neobundle.vim 88951d60547595606ea0ca8f28f643d2506f2714
NeoBundleLock nerdtree 281701021c5001332a862da80175bf585d24e2e8
NeoBundleLock tcomment_vim 7dbd777105edd2701cf73b183e01fbe78aa92d90
NeoBundleLock unite.vim 7dbd777105edd2701cf73b183e01fbe78aa92d90
NeoBundleLock vim-colors-solarized 7dbd777105edd2701cf73b183e01fbe78aa92d90
NeoBundleLock vim-indent-guides 7dbd777105edd2701cf73b183e01fbe78aa92d90
NeoBundleLock vimproc 7dbd777105edd2701cf73b183e01fbe78aa92d90
